// !$*UTF8*$!
{
	archiveVersion = 1;
	classes = {
	};
	objectVersion = 56;
	objects = {

/* Begin PBXBuildFile section */
		73865E722ABC4F17009A44F0 /* WeatherWeekViewModel.swift in Sources */ = {isa = PBXBuildFile; fileRef = 73865E712ABC4F17009A44F0 /* WeatherWeekViewModel.swift */; };
		73865E742ABC509C009A44F0 /* MainDayViewModel.swift in Sources */ = {isa = PBXBuildFile; fileRef = 73865E732ABC509C009A44F0 /* MainDayViewModel.swift */; };
		73865E762ABC52EA009A44F0 /* DayDetailViewModel.swift in Sources */ = {isa = PBXBuildFile; fileRef = 73865E752ABC52EA009A44F0 /* DayDetailViewModel.swift */; };
		73907B1E2AA9C80200BE0005 /* WeatherRepository.swift in Sources */ = {isa = PBXBuildFile; fileRef = 73907B1D2AA9C80200BE0005 /* WeatherRepository.swift */; };
		8704C3E52AAA0365003CB153 /* MainDayView.swift in Sources */ = {isa = PBXBuildFile; fileRef = 8704C3E42AAA0365003CB153 /* MainDayView.swift */; };
		870F5DCA2A9C877800C2988C /* WeatherView.swift in Sources */ = {isa = PBXBuildFile; fileRef = 870F5DC92A9C877800C2988C /* WeatherView.swift */; };
		870F5DCC2A9C879100C2988C /* WeatherViewModel.swift in Sources */ = {isa = PBXBuildFile; fileRef = 870F5DCB2A9C879100C2988C /* WeatherViewModel.swift */; };
		870F5DCE2A9C87C000C2988C /* APIService.swift in Sources */ = {isa = PBXBuildFile; fileRef = 870F5DCD2A9C87C000C2988C /* APIService.swift */; };
		870F5DD02A9C87DE00C2988C /* WeatherResponse.swift in Sources */ = {isa = PBXBuildFile; fileRef = 870F5DCF2A9C87DE00C2988C /* WeatherResponse.swift */; };
		8739A5532A9CF32500777967 /* CityViewModel.swift in Sources */ = {isa = PBXBuildFile; fileRef = 8739A5522A9CF32500777967 /* CityViewModel.swift */; };
		8739A5552A9DCE7B00777967 /* APIConfig.plist in Resources */ = {isa = PBXBuildFile; fileRef = 8739A5542A9DCE7B00777967 /* APIConfig.plist */; };
		8739A5572A9DCF3300777967 /* APIConfig.swift in Sources */ = {isa = PBXBuildFile; fileRef = 8739A5562A9DCF3300777967 /* APIConfig.swift */; };
		8739A5592A9DD1FD00777967 /* ErrorLogger.swift in Sources */ = {isa = PBXBuildFile; fileRef = 8739A5582A9DD1FD00777967 /* ErrorLogger.swift */; };
		8739A55D2A9DDD8D00777967 /* WeatherDataCache.swift in Sources */ = {isa = PBXBuildFile; fileRef = 8739A55C2A9DDD8D00777967 /* WeatherDataCache.swift */; };
		876ADD382AA1EF8700048ECC /* WeatherHourViewModel.swift in Sources */ = {isa = PBXBuildFile; fileRef = 876ADD372AA1EF8700048ECC /* WeatherHourViewModel.swift */; };
		876ADD3A2AA1F00C00048ECC /* SingleHourWeatherView.swift in Sources */ = {isa = PBXBuildFile; fileRef = 876ADD392AA1F00C00048ECC /* SingleHourWeatherView.swift */; };
		876ADD3D2AA61FC300048ECC /* CityCreator.swift in Sources */ = {isa = PBXBuildFile; fileRef = 876ADD3C2AA61FC300048ECC /* CityCreator.swift */; };
		876ADD402AA841ED00048ECC /* MyCustomViews.swift in Sources */ = {isa = PBXBuildFile; fileRef = 876ADD3F2AA841ED00048ECC /* MyCustomViews.swift */; };
		878AB1FE2AB2D86C001694A9 /* TemperatureChart.swift in Sources */ = {isa = PBXBuildFile; fileRef = 878AB1FD2AB2D86C001694A9 /* TemperatureChart.swift */; };
		87A0705B2A9F4242007491BB /* WeatherDataExtensions.swift in Sources */ = {isa = PBXBuildFile; fileRef = 87A0705A2A9F4242007491BB /* WeatherDataExtensions.swift */; };
		87A0705E2A9F7A69007491BB /* WeatherWeekView.swift in Sources */ = {isa = PBXBuildFile; fileRef = 87A0705D2A9F7A69007491BB /* WeatherWeekView.swift */; };
		87A070602AA09813007491BB /* DayDetailView.swift in Sources */ = {isa = PBXBuildFile; fileRef = 87A0705F2AA09813007491BB /* DayDetailView.swift */; };
		87A070642AA1B166007491BB /* WindIcon.swift in Sources */ = {isa = PBXBuildFile; fileRef = 87A070632AA1B166007491BB /* WindIcon.swift */; };
		87A070662AA1B256007491BB /* WindIconView.swift in Sources */ = {isa = PBXBuildFile; fileRef = 87A070652AA1B256007491BB /* WindIconView.swift */; };
		87FFAF562A9C7ED6002A25DA /* WeatherAppApp.swift in Sources */ = {isa = PBXBuildFile; fileRef = 87FFAF552A9C7ED6002A25DA /* WeatherAppApp.swift */; };
		87FFAF5A2A9C7ED7002A25DA /* Assets.xcassets in Resources */ = {isa = PBXBuildFile; fileRef = 87FFAF592A9C7ED7002A25DA /* Assets.xcassets */; };
		87FFAF5D2A9C7ED7002A25DA /* Preview Assets.xcassets in Resources */ = {isa = PBXBuildFile; fileRef = 87FFAF5C2A9C7ED7002A25DA /* Preview Assets.xcassets */; };
/* End PBXBuildFile section */

/* Begin PBXFileReference section */
		73865E712ABC4F17009A44F0 /* WeatherWeekViewModel.swift */ = {isa = PBXFileReference; lastKnownFileType = sourcecode.swift; path = WeatherWeekViewModel.swift; sourceTree = "<group>"; };
		73865E732ABC509C009A44F0 /* MainDayViewModel.swift */ = {isa = PBXFileReference; lastKnownFileType = sourcecode.swift; path = MainDayViewModel.swift; sourceTree = "<group>"; };
		73865E752ABC52EA009A44F0 /* DayDetailViewModel.swift */ = {isa = PBXFileReference; lastKnownFileType = sourcecode.swift; path = DayDetailViewModel.swift; sourceTree = "<group>"; };
		73907B1D2AA9C80200BE0005 /* WeatherRepository.swift */ = {isa = PBXFileReference; lastKnownFileType = sourcecode.swift; path = WeatherRepository.swift; sourceTree = "<group>"; };
		8704C3E42AAA0365003CB153 /* MainDayView.swift */ = {isa = PBXFileReference; lastKnownFileType = sourcecode.swift; path = MainDayView.swift; sourceTree = "<group>"; };
		870F5DC92A9C877800C2988C /* WeatherView.swift */ = {isa = PBXFileReference; lastKnownFileType = sourcecode.swift; path = WeatherView.swift; sourceTree = "<group>"; };
		870F5DCB2A9C879100C2988C /* WeatherViewModel.swift */ = {isa = PBXFileReference; lastKnownFileType = sourcecode.swift; path = WeatherViewModel.swift; sourceTree = "<group>"; };
		870F5DCD2A9C87C000C2988C /* APIService.swift */ = {isa = PBXFileReference; lastKnownFileType = sourcecode.swift; path = APIService.swift; sourceTree = "<group>"; };
		870F5DCF2A9C87DE00C2988C /* WeatherResponse.swift */ = {isa = PBXFileReference; lastKnownFileType = sourcecode.swift; path = WeatherResponse.swift; sourceTree = "<group>"; };
		8739A5522A9CF32500777967 /* CityViewModel.swift */ = {isa = PBXFileReference; lastKnownFileType = sourcecode.swift; path = CityViewModel.swift; sourceTree = "<group>"; };
		8739A5542A9DCE7B00777967 /* APIConfig.plist */ = {isa = PBXFileReference; lastKnownFileType = text.plist.xml; path = APIConfig.plist; sourceTree = "<group>"; };
		8739A5562A9DCF3300777967 /* APIConfig.swift */ = {isa = PBXFileReference; lastKnownFileType = sourcecode.swift; path = APIConfig.swift; sourceTree = "<group>"; };
		8739A5582A9DD1FD00777967 /* ErrorLogger.swift */ = {isa = PBXFileReference; lastKnownFileType = sourcecode.swift; path = ErrorLogger.swift; sourceTree = "<group>"; };
		8739A55C2A9DDD8D00777967 /* WeatherDataCache.swift */ = {isa = PBXFileReference; lastKnownFileType = sourcecode.swift; path = WeatherDataCache.swift; sourceTree = "<group>"; };
		876ADD372AA1EF8700048ECC /* WeatherHourViewModel.swift */ = {isa = PBXFileReference; lastKnownFileType = sourcecode.swift; path = WeatherHourViewModel.swift; sourceTree = "<group>"; };
		876ADD392AA1F00C00048ECC /* SingleHourWeatherView.swift */ = {isa = PBXFileReference; lastKnownFileType = sourcecode.swift; path = SingleHourWeatherView.swift; sourceTree = "<group>"; };
		876ADD3C2AA61FC300048ECC /* CityCreator.swift */ = {isa = PBXFileReference; lastKnownFileType = sourcecode.swift; path = CityCreator.swift; sourceTree = "<group>"; };
		876ADD3F2AA841ED00048ECC /* MyCustomViews.swift */ = {isa = PBXFileReference; lastKnownFileType = sourcecode.swift; path = MyCustomViews.swift; sourceTree = "<group>"; };
		878AB1FD2AB2D86C001694A9 /* TemperatureChart.swift */ = {isa = PBXFileReference; lastKnownFileType = sourcecode.swift; path = TemperatureChart.swift; sourceTree = "<group>"; };
		87A0705A2A9F4242007491BB /* WeatherDataExtensions.swift */ = {isa = PBXFileReference; lastKnownFileType = sourcecode.swift; path = WeatherDataExtensions.swift; sourceTree = "<group>"; };
		87A0705D2A9F7A69007491BB /* WeatherWeekView.swift */ = {isa = PBXFileReference; lastKnownFileType = sourcecode.swift; path = WeatherWeekView.swift; sourceTree = "<group>"; };
		87A0705F2AA09813007491BB /* DayDetailView.swift */ = {isa = PBXFileReference; lastKnownFileType = sourcecode.swift; path = DayDetailView.swift; sourceTree = "<group>"; };
		87A070632AA1B166007491BB /* WindIcon.swift */ = {isa = PBXFileReference; lastKnownFileType = sourcecode.swift; path = WindIcon.swift; sourceTree = "<group>"; };
		87A070652AA1B256007491BB /* WindIconView.swift */ = {isa = PBXFileReference; lastKnownFileType = sourcecode.swift; path = WindIconView.swift; sourceTree = "<group>"; };
		87FFAF522A9C7ED6002A25DA /* WeatherApp.app */ = {isa = PBXFileReference; explicitFileType = wrapper.application; includeInIndex = 0; path = WeatherApp.app; sourceTree = BUILT_PRODUCTS_DIR; };
		87FFAF552A9C7ED6002A25DA /* WeatherAppApp.swift */ = {isa = PBXFileReference; lastKnownFileType = sourcecode.swift; path = WeatherAppApp.swift; sourceTree = "<group>"; };
		87FFAF592A9C7ED7002A25DA /* Assets.xcassets */ = {isa = PBXFileReference; lastKnownFileType = folder.assetcatalog; path = Assets.xcassets; sourceTree = "<group>"; };
		87FFAF5C2A9C7ED7002A25DA /* Preview Assets.xcassets */ = {isa = PBXFileReference; lastKnownFileType = folder.assetcatalog; path = "Preview Assets.xcassets"; sourceTree = "<group>"; };
/* End PBXFileReference section */

/* Begin PBXFrameworksBuildPhase section */
		87FFAF4F2A9C7ED6002A25DA /* Frameworks */ = {
			isa = PBXFrameworksBuildPhase;
			buildActionMask = 2147483647;
			files = (
			);
			runOnlyForDeploymentPostprocessing = 0;
		};
/* End PBXFrameworksBuildPhase section */

/* Begin PBXGroup section */
		73865E642ABC4625009A44F0 /* Models */ = {
			isa = PBXGroup;
			children = (
				73865E662ABC4638009A44F0 /* Weather */,
			);
			path = Models;
			sourceTree = "<group>";
		};
		73865E662ABC4638009A44F0 /* Weather */ = {
			isa = PBXGroup;
			children = (
				870F5DCF2A9C87DE00C2988C /* WeatherResponse.swift */,
			);
			path = Weather;
			sourceTree = "<group>";
		};
		73865E692ABC479C009A44F0 /* Data */ = {
			isa = PBXGroup;
			children = (
				73865E6A2ABC47A4009A44F0 /* Services */,
				73865E642ABC4625009A44F0 /* Models */,
			);
			path = Data;
			sourceTree = "<group>";
		};
		73865E6A2ABC47A4009A44F0 /* Services */ = {
			isa = PBXGroup;
			children = (
				73907B1D2AA9C80200BE0005 /* WeatherRepository.swift */,
			);
			path = Services;
			sourceTree = "<group>";
		};
		73865E6B2ABC47B2009A44F0 /* UI */ = {
			isa = PBXGroup;
			children = (
				73865E6C2ABC47B7009A44F0 /* Screens */,
			);
			path = UI;
			sourceTree = "<group>";
		};
		73865E6C2ABC47B7009A44F0 /* Screens */ = {
			isa = PBXGroup;
			children = (
				73865E702ABC481F009A44F0 /* DayDetailsView */,
				73865E6F2ABC4802009A44F0 /* WeatherWeekView */,
				73865E6E2ABC47DE009A44F0 /* MainDayView */,
				73865E6D2ABC47BE009A44F0 /* WeatherView */,
			);
			path = Screens;
			sourceTree = "<group>";
		};
		73865E6D2ABC47BE009A44F0 /* WeatherView */ = {
			isa = PBXGroup;
			children = (
				870F5DC92A9C877800C2988C /* WeatherView.swift */,
				870F5DCB2A9C879100C2988C /* WeatherViewModel.swift */,
			);
			path = WeatherView;
			sourceTree = "<group>";
		};
		73865E6E2ABC47DE009A44F0 /* MainDayView */ = {
			isa = PBXGroup;
			children = (
				8704C3E42AAA0365003CB153 /* MainDayView.swift */,
				73865E732ABC509C009A44F0 /* MainDayViewModel.swift */,
			);
			path = MainDayView;
			sourceTree = "<group>";
		};
		73865E6F2ABC4802009A44F0 /* WeatherWeekView */ = {
			isa = PBXGroup;
			children = (
				87A0705D2A9F7A69007491BB /* WeatherWeekView.swift */,
				73865E712ABC4F17009A44F0 /* WeatherWeekViewModel.swift */,
			);
			path = WeatherWeekView;
			sourceTree = "<group>";
		};
		73865E702ABC481F009A44F0 /* DayDetailsView */ = {
			isa = PBXGroup;
			children = (
				878AB1FD2AB2D86C001694A9 /* TemperatureChart.swift */,
				87A0705F2AA09813007491BB /* DayDetailView.swift */,
				73865E752ABC52EA009A44F0 /* DayDetailViewModel.swift */,
			);
			path = DayDetailsView;
			sourceTree = "<group>";
		};
		8739A5512A9CF30700777967 /* City */ = {
			isa = PBXGroup;
			children = (
				8739A5522A9CF32500777967 /* CityViewModel.swift */,
				876ADD3C2AA61FC300048ECC /* CityCreator.swift */,
			);
			path = City;
			sourceTree = "<group>";
		};
		876ADD3B2AA20FAC00048ECC /* WeatherSingleHour */ = {
			isa = PBXGroup;
			children = (
				876ADD392AA1F00C00048ECC /* SingleHourWeatherView.swift */,
				876ADD372AA1EF8700048ECC /* WeatherHourViewModel.swift */,
			);
			path = WeatherSingleHour;
			sourceTree = "<group>";
		};
		87A0705C2A9F4264007491BB /* Extensions */ = {
			isa = PBXGroup;
			children = (
				876ADD3F2AA841ED00048ECC /* MyCustomViews.swift */,
				87A0705A2A9F4242007491BB /* WeatherDataExtensions.swift */,
				87A070632AA1B166007491BB /* WindIcon.swift */,
				87A070652AA1B256007491BB /* WindIconView.swift */,
			);
			path = Extensions;
			sourceTree = "<group>";
		};
		87FFAF492A9C7ED6002A25DA = {
			isa = PBXGroup;
			children = (
				87FFAF542A9C7ED6002A25DA /* WeatherApp */,
				87FFAF532A9C7ED6002A25DA /* Products */,
			);
			sourceTree = "<group>";
		};
		87FFAF532A9C7ED6002A25DA /* Products */ = {
			isa = PBXGroup;
			children = (
				87FFAF522A9C7ED6002A25DA /* WeatherApp.app */,
			);
			name = Products;
			sourceTree = "<group>";
		};
		87FFAF542A9C7ED6002A25DA /* WeatherApp */ = {
			isa = PBXGroup;
			children = (
				87FFAF592A9C7ED7002A25DA /* Assets.xcassets */,
				73865E692ABC479C009A44F0 /* Data */,
				87FFAF632A9C7FAA002A25DA /* Networking */,
				87FFAF5B2A9C7ED7002A25DA /* Preview Content */,
				73865E6B2ABC47B2009A44F0 /* UI */,
				87FFAF642A9C7FC1002A25DA /* Weather */,
				87FFAF552A9C7ED6002A25DA /* WeatherAppApp.swift */,
			);
			path = WeatherApp;
			sourceTree = "<group>";
		};
		87FFAF5B2A9C7ED7002A25DA /* Preview Content */ = {
			isa = PBXGroup;
			children = (
				87FFAF5C2A9C7ED7002A25DA /* Preview Assets.xcassets */,
			);
			path = "Preview Content";
			sourceTree = "<group>";
		};
		87FFAF632A9C7FAA002A25DA /* Networking */ = {
			isa = PBXGroup;
			children = (
				870F5DCD2A9C87C000C2988C /* APIService.swift */,
				8739A5542A9DCE7B00777967 /* APIConfig.plist */,
				8739A5562A9DCF3300777967 /* APIConfig.swift */,
				8739A5582A9DD1FD00777967 /* ErrorLogger.swift */,
			);
			path = Networking;
			sourceTree = "<group>";
		};
		87FFAF642A9C7FC1002A25DA /* Weather */ = {
			isa = PBXGroup;
			children = (
				87A0705C2A9F4264007491BB /* Extensions */,
				876ADD3B2AA20FAC00048ECC /* WeatherSingleHour */,
				8739A55C2A9DDD8D00777967 /* WeatherDataCache.swift */,
				8739A5512A9CF30700777967 /* City */,
			);
			path = Weather;
			sourceTree = "<group>";
		};
/* End PBXGroup section */

/* Begin PBXNativeTarget section */
		87FFAF512A9C7ED6002A25DA /* WeatherApp */ = {
			isa = PBXNativeTarget;
			buildConfigurationList = 87FFAF602A9C7ED7002A25DA /* Build configuration list for PBXNativeTarget "WeatherApp" */;
			buildPhases = (
				87FFAF4E2A9C7ED6002A25DA /* Sources */,
				87FFAF4F2A9C7ED6002A25DA /* Frameworks */,
				87FFAF502A9C7ED6002A25DA /* Resources */,
			);
			buildRules = (
			);
			dependencies = (
			);
			name = WeatherApp;
			productName = WeatherApp;
			productReference = 87FFAF522A9C7ED6002A25DA /* WeatherApp.app */;
			productType = "com.apple.product-type.application";
		};
/* End PBXNativeTarget section */

/* Begin PBXProject section */
		87FFAF4A2A9C7ED6002A25DA /* Project object */ = {
			isa = PBXProject;
			attributes = {
				BuildIndependentTargetsInParallel = 1;
				LastSwiftUpdateCheck = 1430;
				LastUpgradeCheck = 1500;
				TargetAttributes = {
					87FFAF512A9C7ED6002A25DA = {
						CreatedOnToolsVersion = 14.3.1;
					};
				};
			};
			buildConfigurationList = 87FFAF4D2A9C7ED6002A25DA /* Build configuration list for PBXProject "WeatherApp" */;
			compatibilityVersion = "Xcode 14.0";
			developmentRegion = en;
			hasScannedForEncodings = 0;
			knownRegions = (
				en,
				Base,
			);
			mainGroup = 87FFAF492A9C7ED6002A25DA;
			productRefGroup = 87FFAF532A9C7ED6002A25DA /* Products */;
			projectDirPath = "";
			projectRoot = "";
			targets = (
				87FFAF512A9C7ED6002A25DA /* WeatherApp */,
			);
		};
/* End PBXProject section */

/* Begin PBXResourcesBuildPhase section */
		87FFAF502A9C7ED6002A25DA /* Resources */ = {
			isa = PBXResourcesBuildPhase;
			buildActionMask = 2147483647;
			files = (
				87FFAF5D2A9C7ED7002A25DA /* Preview Assets.xcassets in Resources */,
				87FFAF5A2A9C7ED7002A25DA /* Assets.xcassets in Resources */,
				8739A5552A9DCE7B00777967 /* APIConfig.plist in Resources */,
			);
			runOnlyForDeploymentPostprocessing = 0;
		};
/* End PBXResourcesBuildPhase section */

/* Begin PBXSourcesBuildPhase section */
		87FFAF4E2A9C7ED6002A25DA /* Sources */ = {
			isa = PBXSourcesBuildPhase;
			buildActionMask = 2147483647;
			files = (
				87A0705E2A9F7A69007491BB /* WeatherWeekView.swift in Sources */,
				73865E722ABC4F17009A44F0 /* WeatherWeekViewModel.swift in Sources */,
				876ADD402AA841ED00048ECC /* MyCustomViews.swift in Sources */,
				73907B1E2AA9C80200BE0005 /* WeatherRepository.swift in Sources */,
				87A0705B2A9F4242007491BB /* WeatherDataExtensions.swift in Sources */,
				8739A5592A9DD1FD00777967 /* ErrorLogger.swift in Sources */,
				87A070662AA1B256007491BB /* WindIconView.swift in Sources */,
				73865E762ABC52EA009A44F0 /* DayDetailViewModel.swift in Sources */,
				87A070602AA09813007491BB /* DayDetailView.swift in Sources */,
				73865E742ABC509C009A44F0 /* MainDayViewModel.swift in Sources */,
				870F5DCA2A9C877800C2988C /* WeatherView.swift in Sources */,
				870F5DD02A9C87DE00C2988C /* WeatherResponse.swift in Sources */,
				876ADD382AA1EF8700048ECC /* WeatherHourViewModel.swift in Sources */,
				8739A5572A9DCF3300777967 /* APIConfig.swift in Sources */,
				870F5DCC2A9C879100C2988C /* WeatherViewModel.swift in Sources */,
				8739A55D2A9DDD8D00777967 /* WeatherDataCache.swift in Sources */,
				87A070642AA1B166007491BB /* WindIcon.swift in Sources */,
				870F5DCE2A9C87C000C2988C /* APIService.swift in Sources */,
				8739A5532A9CF32500777967 /* CityViewModel.swift in Sources */,
				878AB1FE2AB2D86C001694A9 /* TemperatureChart.swift in Sources */,
				8704C3E52AAA0365003CB153 /* MainDayView.swift in Sources */,
				87FFAF562A9C7ED6002A25DA /* WeatherAppApp.swift in Sources */,
				876ADD3D2AA61FC300048ECC /* CityCreator.swift in Sources */,
				876ADD3A2AA1F00C00048ECC /* SingleHourWeatherView.swift in Sources */,
			);
			runOnlyForDeploymentPostprocessing = 0;
		};
/* End PBXSourcesBuildPhase section */

/* Begin XCBuildConfiguration section */
		87FFAF5E2A9C7ED7002A25DA /* Debug */ = {
			isa = XCBuildConfiguration;
			buildSettings = {
				ALWAYS_SEARCH_USER_PATHS = NO;
				CLANG_ANALYZER_NONNULL = YES;
				CLANG_ANALYZER_NUMBER_OBJECT_CONVERSION = YES_AGGRESSIVE;
				CLANG_CXX_LANGUAGE_STANDARD = "gnu++20";
				CLANG_ENABLE_MODULES = YES;
				CLANG_ENABLE_OBJC_ARC = YES;
				CLANG_ENABLE_OBJC_WEAK = YES;
				CLANG_WARN_BLOCK_CAPTURE_AUTORELEASING = YES;
				CLANG_WARN_BOOL_CONVERSION = YES;
				CLANG_WARN_COMMA = YES;
				CLANG_WARN_CONSTANT_CONVERSION = YES;
				CLANG_WARN_DEPRECATED_OBJC_IMPLEMENTATIONS = YES;
				CLANG_WARN_DIRECT_OBJC_ISA_USAGE = YES_ERROR;
				CLANG_WARN_DOCUMENTATION_COMMENTS = YES;
				CLANG_WARN_EMPTY_BODY = YES;
				CLANG_WARN_ENUM_CONVERSION = YES;
				CLANG_WARN_INFINITE_RECURSION = YES;
				CLANG_WARN_INT_CONVERSION = YES;
				CLANG_WARN_NON_LITERAL_NULL_CONVERSION = YES;
				CLANG_WARN_OBJC_IMPLICIT_RETAIN_SELF = YES;
				CLANG_WARN_OBJC_LITERAL_CONVERSION = YES;
				CLANG_WARN_OBJC_ROOT_CLASS = YES_ERROR;
				CLANG_WARN_QUOTED_INCLUDE_IN_FRAMEWORK_HEADER = YES;
				CLANG_WARN_RANGE_LOOP_ANALYSIS = YES;
				CLANG_WARN_STRICT_PROTOTYPES = YES;
				CLANG_WARN_SUSPICIOUS_MOVE = YES;
				CLANG_WARN_UNGUARDED_AVAILABILITY = YES_AGGRESSIVE;
				CLANG_WARN_UNREACHABLE_CODE = YES;
				CLANG_WARN__DUPLICATE_METHOD_MATCH = YES;
				COPY_PHASE_STRIP = NO;
				DEBUG_INFORMATION_FORMAT = dwarf;
				ENABLE_STRICT_OBJC_MSGSEND = YES;
				ENABLE_TESTABILITY = YES;
				ENABLE_USER_SCRIPT_SANDBOXING = YES;
				GCC_C_LANGUAGE_STANDARD = gnu11;
				GCC_DYNAMIC_NO_PIC = NO;
				GCC_NO_COMMON_BLOCKS = YES;
				GCC_OPTIMIZATION_LEVEL = 0;
				GCC_PREPROCESSOR_DEFINITIONS = (
					"DEBUG=1",
					"$(inherited)",
				);
				GCC_WARN_64_TO_32_BIT_CONVERSION = YES;
				GCC_WARN_ABOUT_RETURN_TYPE = YES_ERROR;
				GCC_WARN_UNDECLARED_SELECTOR = YES;
				GCC_WARN_UNINITIALIZED_AUTOS = YES_AGGRESSIVE;
				GCC_WARN_UNUSED_FUNCTION = YES;
				GCC_WARN_UNUSED_VARIABLE = YES;
				IPHONEOS_DEPLOYMENT_TARGET = 16.6;
				MTL_ENABLE_DEBUG_INFO = INCLUDE_SOURCE;
				MTL_FAST_MATH = YES;
				ONLY_ACTIVE_ARCH = YES;
				SDKROOT = iphoneos;
				SWIFT_ACTIVE_COMPILATION_CONDITIONS = DEBUG;
				SWIFT_OPTIMIZATION_LEVEL = "-Onone";
			};
			name = Debug;
		};
		87FFAF5F2A9C7ED7002A25DA /* Release */ = {
			isa = XCBuildConfiguration;
			buildSettings = {
				ALWAYS_SEARCH_USER_PATHS = NO;
				CLANG_ANALYZER_NONNULL = YES;
				CLANG_ANALYZER_NUMBER_OBJECT_CONVERSION = YES_AGGRESSIVE;
				CLANG_CXX_LANGUAGE_STANDARD = "gnu++20";
				CLANG_ENABLE_MODULES = YES;
				CLANG_ENABLE_OBJC_ARC = YES;
				CLANG_ENABLE_OBJC_WEAK = YES;
				CLANG_WARN_BLOCK_CAPTURE_AUTORELEASING = YES;
				CLANG_WARN_BOOL_CONVERSION = YES;
				CLANG_WARN_COMMA = YES;
				CLANG_WARN_CONSTANT_CONVERSION = YES;
				CLANG_WARN_DEPRECATED_OBJC_IMPLEMENTATIONS = YES;
				CLANG_WARN_DIRECT_OBJC_ISA_USAGE = YES_ERROR;
				CLANG_WARN_DOCUMENTATION_COMMENTS = YES;
				CLANG_WARN_EMPTY_BODY = YES;
				CLANG_WARN_ENUM_CONVERSION = YES;
				CLANG_WARN_INFINITE_RECURSION = YES;
				CLANG_WARN_INT_CONVERSION = YES;
				CLANG_WARN_NON_LITERAL_NULL_CONVERSION = YES;
				CLANG_WARN_OBJC_IMPLICIT_RETAIN_SELF = YES;
				CLANG_WARN_OBJC_LITERAL_CONVERSION = YES;
				CLANG_WARN_OBJC_ROOT_CLASS = YES_ERROR;
				CLANG_WARN_QUOTED_INCLUDE_IN_FRAMEWORK_HEADER = YES;
				CLANG_WARN_RANGE_LOOP_ANALYSIS = YES;
				CLANG_WARN_STRICT_PROTOTYPES = YES;
				CLANG_WARN_SUSPICIOUS_MOVE = YES;
				CLANG_WARN_UNGUARDED_AVAILABILITY = YES_AGGRESSIVE;
				CLANG_WARN_UNREACHABLE_CODE = YES;
				CLANG_WARN__DUPLICATE_METHOD_MATCH = YES;
				COPY_PHASE_STRIP = NO;
				DEBUG_INFORMATION_FORMAT = "dwarf-with-dsym";
				ENABLE_NS_ASSERTIONS = NO;
				ENABLE_STRICT_OBJC_MSGSEND = YES;
				ENABLE_USER_SCRIPT_SANDBOXING = YES;
				GCC_C_LANGUAGE_STANDARD = gnu11;
				GCC_NO_COMMON_BLOCKS = YES;
				GCC_WARN_64_TO_32_BIT_CONVERSION = YES;
				GCC_WARN_ABOUT_RETURN_TYPE = YES_ERROR;
				GCC_WARN_UNDECLARED_SELECTOR = YES;
				GCC_WARN_UNINITIALIZED_AUTOS = YES_AGGRESSIVE;
				GCC_WARN_UNUSED_FUNCTION = YES;
				GCC_WARN_UNUSED_VARIABLE = YES;
				IPHONEOS_DEPLOYMENT_TARGET = 16.6;
				MTL_ENABLE_DEBUG_INFO = NO;
				MTL_FAST_MATH = YES;
				SDKROOT = iphoneos;
				SWIFT_COMPILATION_MODE = wholemodule;
				SWIFT_OPTIMIZATION_LEVEL = "-O";
				VALIDATE_PRODUCT = YES;
			};
			name = Release;
		};
		87FFAF612A9C7ED7002A25DA /* Debug */ = {
			isa = XCBuildConfiguration;
			buildSettings = {
				ASSETCATALOG_COMPILER_APPICON_NAME = AppIcon;
				ASSETCATALOG_COMPILER_GLOBAL_ACCENT_COLOR_NAME = AccentColor;
				CODE_SIGN_STYLE = Automatic;
				CURRENT_PROJECT_VERSION = 1;
				DEVELOPMENT_ASSET_PATHS = "\"WeatherApp/Preview Content\"";
				DEVELOPMENT_TEAM = 88MJ4S84C5;
				ENABLE_PREVIEWS = YES;
				GENERATE_INFOPLIST_FILE = YES;
				INFOPLIST_KEY_UIApplicationSceneManifest_Generation = YES;
				INFOPLIST_KEY_UIApplicationSupportsIndirectInputEvents = YES;
				INFOPLIST_KEY_UILaunchScreen_Generation = YES;
				INFOPLIST_KEY_UISupportedInterfaceOrientations_iPad = "UIInterfaceOrientationPortrait UIInterfaceOrientationPortraitUpsideDown UIInterfaceOrientationLandscapeLeft UIInterfaceOrientationLandscapeRight";
				INFOPLIST_KEY_UISupportedInterfaceOrientations_iPhone = "UIInterfaceOrientationPortrait UIInterfaceOrientationLandscapeLeft UIInterfaceOrientationLandscapeRight";
				LD_RUNPATH_SEARCH_PATHS = (
					"$(inherited)",
					"@executable_path/Frameworks",
				);
				MARKETING_VERSION = 1.0;
				PRODUCT_BUNDLE_IDENTIFIER = Angrale.WeatherApp;
				PRODUCT_NAME = "$(TARGET_NAME)";
				SWIFT_EMIT_LOC_STRINGS = YES;
				SWIFT_VERSION = 5.0;
				TARGETED_DEVICE_FAMILY = "1,2";
			};
			name = Debug;
		};
		87FFAF622A9C7ED7002A25DA /* Release */ = {
			isa = XCBuildConfiguration;
			buildSettings = {
				ASSETCATALOG_COMPILER_APPICON_NAME = AppIcon;
				ASSETCATALOG_COMPILER_GLOBAL_ACCENT_COLOR_NAME = AccentColor;
				CODE_SIGN_STYLE = Automatic;
				CURRENT_PROJECT_VERSION = 1;
				DEVELOPMENT_ASSET_PATHS = "\"WeatherApp/Preview Content\"";
				DEVELOPMENT_TEAM = 88MJ4S84C5;
				ENABLE_PREVIEWS = YES;
				GENERATE_INFOPLIST_FILE = YES;
				INFOPLIST_KEY_UIApplicationSceneManifest_Generation = YES;
				INFOPLIST_KEY_UIApplicationSupportsIndirectInputEvents = YES;
				INFOPLIST_KEY_UILaunchScreen_Generation = YES;
				INFOPLIST_KEY_UISupportedInterfaceOrientations_iPad = "UIInterfaceOrientationPortrait UIInterfaceOrientationPortraitUpsideDown UIInterfaceOrientationLandscapeLeft UIInterfaceOrientationLandscapeRight";
				INFOPLIST_KEY_UISupportedInterfaceOrientations_iPhone = "UIInterfaceOrientationPortrait UIInterfaceOrientationLandscapeLeft UIInterfaceOrientationLandscapeRight";
				LD_RUNPATH_SEARCH_PATHS = (
					"$(inherited)",
					"@executable_path/Frameworks",
				);
				MARKETING_VERSION = 1.0;
				PRODUCT_BUNDLE_IDENTIFIER = Angrale.WeatherApp;
				PRODUCT_NAME = "$(TARGET_NAME)";
				SWIFT_EMIT_LOC_STRINGS = YES;
				SWIFT_VERSION = 5.0;
				TARGETED_DEVICE_FAMILY = "1,2";
			};
			name = Release;
		};
/* End XCBuildConfiguration section */

/* Begin XCConfigurationList section */
		87FFAF4D2A9C7ED6002A25DA /* Build configuration list for PBXProject "WeatherApp" */ = {
			isa = XCConfigurationList;
			buildConfigurations = (
				87FFAF5E2A9C7ED7002A25DA /* Debug */,
				87FFAF5F2A9C7ED7002A25DA /* Release */,
			);
			defaultConfigurationIsVisible = 0;
			defaultConfigurationName = Release;
		};
		87FFAF602A9C7ED7002A25DA /* Build configuration list for PBXNativeTarget "WeatherApp" */ = {
			isa = XCConfigurationList;
			buildConfigurations = (
				87FFAF612A9C7ED7002A25DA /* Debug */,
				87FFAF622A9C7ED7002A25DA /* Release */,
			);
			defaultConfigurationIsVisible = 0;
			defaultConfigurationName = Release;
		};
/* End XCConfigurationList section */
	};
	rootObject = 87FFAF4A2A9C7ED6002A25DA /* Project object */;
}
